// !$*UTF8*$!
{
	archiveVersion = 1;
	classes = {
	};
	objectVersion = 56;
	objects = {

/* Begin PBXBuildFile section */
		39766F712C13A100004A7984 /* RIckandMortyApp.swift in Sources */ = {isa = PBXBuildFile; fileRef = 39766F702C13A100004A7984 /* RIckandMortyApp.swift */; };
		39766F732C13A100004A7984 /* LocationListView.swift in Sources */ = {isa = PBXBuildFile; fileRef = 39766F722C13A100004A7984 /* LocationListView.swift */; };
		39766F752C13A100004A7984 /* Assets.xcassets in Resources */ = {isa = PBXBuildFile; fileRef = 39766F742C13A100004A7984 /* Assets.xcassets */; };
		39766F782C13A100004A7984 /* Preview Assets.xcassets in Resources */ = {isa = PBXBuildFile; fileRef = 39766F772C13A100004A7984 /* Preview Assets.xcassets */; };
		39766F822C13A101004A7984 /* RIckandMortyTests.swift in Sources */ = {isa = PBXBuildFile; fileRef = 39766F812C13A101004A7984 /* RIckandMortyTests.swift */; };
		39766F8C2C13A101004A7984 /* RIckandMortyUITests.swift in Sources */ = {isa = PBXBuildFile; fileRef = 39766F8B2C13A101004A7984 /* RIckandMortyUITests.swift */; };
		39766F8E2C13A101004A7984 /* RIckandMortyUITestsLaunchTests.swift in Sources */ = {isa = PBXBuildFile; fileRef = 39766F8D2C13A101004A7984 /* RIckandMortyUITestsLaunchTests.swift */; };
		39766F9B2C13A37A004A7984 /* Location.swift in Sources */ = {isa = PBXBuildFile; fileRef = 39766F9A2C13A37A004A7984 /* Location.swift */; };
		39766F9D2C13A39A004A7984 /* LocationsViewModel.swift in Sources */ = {isa = PBXBuildFile; fileRef = 39766F9C2C13A39A004A7984 /* LocationsViewModel.swift */; };
		39766F9F2C13A3C7004A7984 /* LocationDetailView.swift in Sources */ = {isa = PBXBuildFile; fileRef = 39766F9E2C13A3C7004A7984 /* LocationDetailView.swift */; };
		39766FA22C1E4B2B004A7984 /* AuthViewModel.swift in Sources */ = {isa = PBXBuildFile; fileRef = 39766FA12C1E4B2B004A7984 /* AuthViewModel.swift */; };
		39766FA42C1E4C53004A7984 /* GoogleService-Info.plist in Resources */ = {isa = PBXBuildFile; fileRef = 39766FA32C1E4C53004A7984 /* GoogleService-Info.plist */; };
		39766FA62C1E4FD2004A7984 /* FirebaseAuth in Frameworks */ = {isa = PBXBuildFile; productRef = 39766FA52C1E4FD2004A7984 /* FirebaseAuth */; };
		39766FA82C1E5054004A7984 /* SignInView.swift in Sources */ = {isa = PBXBuildFile; fileRef = 39766FA72C1E5054004A7984 /* SignInView.swift */; };
		39766FAA2C1E5096004A7984 /* ContentView.swift in Sources */ = {isa = PBXBuildFile; fileRef = 39766FA92C1E5096004A7984 /* ContentView.swift */; };
/* End PBXBuildFile section */

/* Begin PBXContainerItemProxy section */
		39766F7E2C13A101004A7984 /* PBXContainerItemProxy */ = {
			isa = PBXContainerItemProxy;
			containerPortal = 39766F652C13A0FF004A7984 /* Project object */;
			proxyType = 1;
			remoteGlobalIDString = 39766F6C2C13A100004A7984;
			remoteInfo = RIckandMorty;
		};
		39766F882C13A101004A7984 /* PBXContainerItemProxy */ = {
			isa = PBXContainerItemProxy;
			containerPortal = 39766F652C13A0FF004A7984 /* Project object */;
			proxyType = 1;
			remoteGlobalIDString = 39766F6C2C13A100004A7984;
			remoteInfo = RIckandMorty;
		};
/* End PBXContainerItemProxy section */

/* Begin PBXFileReference section */
		39766F6D2C13A100004A7984 /* RIckandMorty.app */ = {isa = PBXFileReference; explicitFileType = wrapper.application; includeInIndex = 0; path = RIckandMorty.app; sourceTree = BUILT_PRODUCTS_DIR; };
		39766F702C13A100004A7984 /* RIckandMortyApp.swift */ = {isa = PBXFileReference; lastKnownFileType = sourcecode.swift; path = RIckandMortyApp.swift; sourceTree = "<group>"; };
		39766F722C13A100004A7984 /* LocationListView.swift */ = {isa = PBXFileReference; lastKnownFileType = sourcecode.swift; path = LocationListView.swift; sourceTree = "<group>"; };
		39766F742C13A100004A7984 /* Assets.xcassets */ = {isa = PBXFileReference; lastKnownFileType = folder.assetcatalog; path = Assets.xcassets; sourceTree = "<group>"; };
		39766F772C13A100004A7984 /* Preview Assets.xcassets */ = {isa = PBXFileReference; lastKnownFileType = folder.assetcatalog; path = "Preview Assets.xcassets"; sourceTree = "<group>"; };
		39766F7D2C13A101004A7984 /* RIckandMortyTests.xctest */ = {isa = PBXFileReference; explicitFileType = wrapper.cfbundle; includeInIndex = 0; path = RIckandMortyTests.xctest; sourceTree = BUILT_PRODUCTS_DIR; };
		39766F812C13A101004A7984 /* RIckandMortyTests.swift */ = {isa = PBXFileReference; lastKnownFileType = sourcecode.swift; path = RIckandMortyTests.swift; sourceTree = "<group>"; };
		39766F872C13A101004A7984 /* RIckandMortyUITests.xctest */ = {isa = PBXFileReference; explicitFileType = wrapper.cfbundle; includeInIndex = 0; path = RIckandMortyUITests.xctest; sourceTree = BUILT_PRODUCTS_DIR; };
		39766F8B2C13A101004A7984 /* RIckandMortyUITests.swift */ = {isa = PBXFileReference; lastKnownFileType = sourcecode.swift; path = RIckandMortyUITests.swift; sourceTree = "<group>"; };
		39766F8D2C13A101004A7984 /* RIckandMortyUITestsLaunchTests.swift */ = {isa = PBXFileReference; lastKnownFileType = sourcecode.swift; path = RIckandMortyUITestsLaunchTests.swift; sourceTree = "<group>"; };
		39766F9A2C13A37A004A7984 /* Location.swift */ = {isa = PBXFileReference; lastKnownFileType = sourcecode.swift; path = Location.swift; sourceTree = "<group>"; };
		39766F9C2C13A39A004A7984 /* LocationsViewModel.swift */ = {isa = PBXFileReference; lastKnownFileType = sourcecode.swift; path = LocationsViewModel.swift; sourceTree = "<group>"; };
		39766F9E2C13A3C7004A7984 /* LocationDetailView.swift */ = {isa = PBXFileReference; lastKnownFileType = sourcecode.swift; path = LocationDetailView.swift; sourceTree = "<group>"; };
		39766FA12C1E4B2B004A7984 /* AuthViewModel.swift */ = {isa = PBXFileReference; lastKnownFileType = sourcecode.swift; path = AuthViewModel.swift; sourceTree = "<group>"; };
		39766FA32C1E4C53004A7984 /* GoogleService-Info.plist */ = {isa = PBXFileReference; fileEncoding = 4; lastKnownFileType = text.plist.xml; path = "GoogleService-Info.plist"; sourceTree = "<group>"; };
		39766FA72C1E5054004A7984 /* SignInView.swift */ = {isa = PBXFileReference; lastKnownFileType = sourcecode.swift; path = SignInView.swift; sourceTree = "<group>"; };
		39766FA92C1E5096004A7984 /* ContentView.swift */ = {isa = PBXFileReference; lastKnownFileType = sourcecode.swift; path = ContentView.swift; sourceTree = "<group>"; };
/* End PBXFileReference section */

/* Begin PBXFrameworksBuildPhase section */
		39766F6A2C13A100004A7984 /* Frameworks */ = {
			isa = PBXFrameworksBuildPhase;
			buildActionMask = 2147483647;
			files = (
				39766FA62C1E4FD2004A7984 /* FirebaseAuth in Frameworks */,
			);
			runOnlyForDeploymentPostprocessing = 0;
		};
		39766F7A2C13A101004A7984 /* Frameworks */ = {
			isa = PBXFrameworksBuildPhase;
			buildActionMask = 2147483647;
			files = (
			);
			runOnlyForDeploymentPostprocessing = 0;
		};
		39766F842C13A101004A7984 /* Frameworks */ = {
			isa = PBXFrameworksBuildPhase;
			buildActionMask = 2147483647;
			files = (
			);
			runOnlyForDeploymentPostprocessing = 0;
		};
/* End PBXFrameworksBuildPhase section */

/* Begin PBXGroup section */
		39766F642C13A0FF004A7984 = {
			isa = PBXGroup;
			children = (
				39766F6F2C13A100004A7984 /* RIckandMorty */,
				39766F802C13A101004A7984 /* RIckandMortyTests */,
				39766F8A2C13A101004A7984 /* RIckandMortyUITests */,
				39766F6E2C13A100004A7984 /* Products */,
			);
			sourceTree = "<group>";
		};
		39766F6E2C13A100004A7984 /* Products */ = {
			isa = PBXGroup;
			children = (
				39766F6D2C13A100004A7984 /* RIckandMorty.app */,
				39766F7D2C13A101004A7984 /* RIckandMortyTests.xctest */,
				39766F872C13A101004A7984 /* RIckandMortyUITests.xctest */,
			);
			name = Products;
			sourceTree = "<group>";
		};
		39766F6F2C13A100004A7984 /* RIckandMorty */ = {
			isa = PBXGroup;
			children = (
				39766F702C13A100004A7984 /* RIckandMortyApp.swift */,
				39766FA32C1E4C53004A7984 /* GoogleService-Info.plist */,
				39766F722C13A100004A7984 /* LocationListView.swift */,
				39766F9E2C13A3C7004A7984 /* LocationDetailView.swift */,
				39766FA12C1E4B2B004A7984 /* AuthViewModel.swift */,
				39766FA92C1E5096004A7984 /* ContentView.swift */,
				39766FA72C1E5054004A7984 /* SignInView.swift */,
				39766F9A2C13A37A004A7984 /* Location.swift */,
				39766F9C2C13A39A004A7984 /* LocationsViewModel.swift */,
				39766F742C13A100004A7984 /* Assets.xcassets */,
				39766F762C13A100004A7984 /* Preview Content */,
			);
			path = RIckandMorty;
			sourceTree = "<group>";
		};
		39766F762C13A100004A7984 /* Preview Content */ = {
			isa = PBXGroup;
			children = (
				39766F772C13A100004A7984 /* Preview Assets.xcassets */,
			);
			path = "Preview Content";
			sourceTree = "<group>";
		};
		39766F802C13A101004A7984 /* RIckandMortyTests */ = {
			isa = PBXGroup;
			children = (
				39766F812C13A101004A7984 /* RIckandMortyTests.swift */,
			);
			path = RIckandMortyTests;
			sourceTree = "<group>";
		};
		39766F8A2C13A101004A7984 /* RIckandMortyUITests */ = {
			isa = PBXGroup;
			children = (
				39766F8B2C13A101004A7984 /* RIckandMortyUITests.swift */,
				39766F8D2C13A101004A7984 /* RIckandMortyUITestsLaunchTests.swift */,
			);
			path = RIckandMortyUITests;
			sourceTree = "<group>";
		};
/* End PBXGroup section */

/* Begin PBXNativeTarget section */
		39766F6C2C13A100004A7984 /* RIckandMorty */ = {
			isa = PBXNativeTarget;
			buildConfigurationList = 39766F912C13A101004A7984 /* Build configuration list for PBXNativeTarget "RIckandMorty" */;
			buildPhases = (
				39766F692C13A100004A7984 /* Sources */,
				39766F6A2C13A100004A7984 /* Frameworks */,
				39766F6B2C13A100004A7984 /* Resources */,
			);
			buildRules = (
			);
			dependencies = (
			);
			name = RIckandMorty;
			packageProductDependencies = (
				39766FA52C1E4FD2004A7984 /* FirebaseAuth */,
			);
			productName = RIckandMorty;
			productReference = 39766F6D2C13A100004A7984 /* RIckandMorty.app */;
			productType = "com.apple.product-type.application";
		};
		39766F7C2C13A101004A7984 /* RIckandMortyTests */ = {
			isa = PBXNativeTarget;
			buildConfigurationList = 39766F942C13A101004A7984 /* Build configuration list for PBXNativeTarget "RIckandMortyTests" */;
			buildPhases = (
				39766F792C13A101004A7984 /* Sources */,
				39766F7A2C13A101004A7984 /* Frameworks */,
				39766F7B2C13A101004A7984 /* Resources */,
			);
			buildRules = (
			);
			dependencies = (
				39766F7F2C13A101004A7984 /* PBXTargetDependency */,
			);
			name = RIckandMortyTests;
			productName = RIckandMortyTests;
			productReference = 39766F7D2C13A101004A7984 /* RIckandMortyTests.xctest */;
			productType = "com.apple.product-type.bundle.unit-test";
		};
		39766F862C13A101004A7984 /* RIckandMortyUITests */ = {
			isa = PBXNativeTarget;
			buildConfigurationList = 39766F972C13A101004A7984 /* Build configuration list for PBXNativeTarget "RIckandMortyUITests" */;
			buildPhases = (
				39766F832C13A101004A7984 /* Sources */,
				39766F842C13A101004A7984 /* Frameworks */,
				39766F852C13A101004A7984 /* Resources */,
			);
			buildRules = (
			);
			dependencies = (
				39766F892C13A101004A7984 /* PBXTargetDependency */,
			);
			name = RIckandMortyUITests;
			productName = RIckandMortyUITests;
			productReference = 39766F872C13A101004A7984 /* RIckandMortyUITests.xctest */;
			productType = "com.apple.product-type.bundle.ui-testing";
		};
/* End PBXNativeTarget section */

/* Begin PBXProject section */
		39766F652C13A0FF004A7984 /* Project object */ = {
			isa = PBXProject;
			attributes = {
				BuildIndependentTargetsInParallel = 1;
				LastSwiftUpdateCheck = 1540;
				LastUpgradeCheck = 1540;
				TargetAttributes = {
					39766F6C2C13A100004A7984 = {
						CreatedOnToolsVersion = 15.4;
					};
					39766F7C2C13A101004A7984 = {
						CreatedOnToolsVersion = 15.4;
						TestTargetID = 39766F6C2C13A100004A7984;
					};
					39766F862C13A101004A7984 = {
						CreatedOnToolsVersion = 15.4;
						TestTargetID = 39766F6C2C13A100004A7984;
					};
				};
			};
			buildConfigurationList = 39766F682C13A100004A7984 /* Build configuration list for PBXProject "RIckandMorty" */;
			compatibilityVersion = "Xcode 14.0";
			developmentRegion = en;
			hasScannedForEncodings = 0;
			knownRegions = (
				en,
				Base,
			);
			mainGroup = 39766F642C13A0FF004A7984;
			packageReferences = (
				39766FA02C1E4AC7004A7984 /* XCRemoteSwiftPackageReference "firebase-ios-sdk" */,
			);
			productRefGroup = 39766F6E2C13A100004A7984 /* Products */;
			projectDirPath = "";
			projectRoot = "";
			targets = (
				39766F6C2C13A100004A7984 /* RIckandMorty */,
				39766F7C2C13A101004A7984 /* RIckandMortyTests */,
				39766F862C13A101004A7984 /* RIckandMortyUITests */,
			);
		};
/* End PBXProject section */

/* Begin PBXResourcesBuildPhase section */
		39766F6B2C13A100004A7984 /* Resources */ = {
			isa = PBXResourcesBuildPhase;
			buildActionMask = 2147483647;
			files = (
				39766F782C13A100004A7984 /* Preview Assets.xcassets in Resources */,
				39766F752C13A100004A7984 /* Assets.xcassets in Resources */,
				39766FA42C1E4C53004A7984 /* GoogleService-Info.plist in Resources */,
			);
			runOnlyForDeploymentPostprocessing = 0;
		};
		39766F7B2C13A101004A7984 /* Resources */ = {
			isa = PBXResourcesBuildPhase;
			buildActionMask = 2147483647;
			files = (
			);
			runOnlyForDeploymentPostprocessing = 0;
		};
		39766F852C13A101004A7984 /* Resources */ = {
			isa = PBXResourcesBuildPhase;
			buildActionMask = 2147483647;
			files = (
			);
			runOnlyForDeploymentPostprocessing = 0;
		};
/* End PBXResourcesBuildPhase section */

/* Begin PBXSourcesBuildPhase section */
		39766F692C13A100004A7984 /* Sources */ = {
			isa = PBXSourcesBuildPhase;
			buildActionMask = 2147483647;
			files = (
				39766F732C13A100004A7984 /* LocationListView.swift in Sources */,
				39766FA82C1E5054004A7984 /* SignInView.swift in Sources */,
				39766FAA2C1E5096004A7984 /* ContentView.swift in Sources */,
				39766F9B2C13A37A004A7984 /* Location.swift in Sources */,
				39766FA22C1E4B2B004A7984 /* AuthViewModel.swift in Sources */,
				39766F712C13A100004A7984 /* RIckandMortyApp.swift in Sources */,
				39766F9F2C13A3C7004A7984 /* LocationDetailView.swift in Sources */,
				39766F9D2C13A39A004A7984 /* LocationsViewModel.swift in Sources */,
			);
			runOnlyForDeploymentPostprocessing = 0;
		};
		39766F792C13A101004A7984 /* Sources */ = {
			isa = PBXSourcesBuildPhase;
			buildActionMask = 2147483647;
			files = (
				39766F822C13A101004A7984 /* RIckandMortyTests.swift in Sources */,
			);
			runOnlyForDeploymentPostprocessing = 0;
		};
		39766F832C13A101004A7984 /* Sources */ = {
			isa = PBXSourcesBuildPhase;
			buildActionMask = 2147483647;
			files = (
				39766F8C2C13A101004A7984 /* RIckandMortyUITests.swift in Sources */,
				39766F8E2C13A101004A7984 /* RIckandMortyUITestsLaunchTests.swift in Sources */,
			);
			runOnlyForDeploymentPostprocessing = 0;
		};
/* End PBXSourcesBuildPhase section */

/* Begin PBXTargetDependency section */
		39766F7F2C13A101004A7984 /* PBXTargetDependency */ = {
			isa = PBXTargetDependency;
			target = 39766F6C2C13A100004A7984 /* RIckandMorty */;
			targetProxy = 39766F7E2C13A101004A7984 /* PBXContainerItemProxy */;
		};
		39766F892C13A101004A7984 /* PBXTargetDependency */ = {
			isa = PBXTargetDependency;
			target = 39766F6C2C13A100004A7984 /* RIckandMorty */;
			targetProxy = 39766F882C13A101004A7984 /* PBXContainerItemProxy */;
		};
/* End PBXTargetDependency section */

/* Begin XCBuildConfiguration section */
		39766F8F2C13A101004A7984 /* Debug */ = {
			isa = XCBuildConfiguration;
			buildSettings = {
				ALWAYS_SEARCH_USER_PATHS = NO;
				ASSETCATALOG_COMPILER_GENERATE_SWIFT_ASSET_SYMBOL_EXTENSIONS = YES;
				CLANG_ANALYZER_NONNULL = YES;
				CLANG_ANALYZER_NUMBER_OBJECT_CONVERSION = YES_AGGRESSIVE;
				CLANG_CXX_LANGUAGE_STANDARD = "gnu++20";
				CLANG_ENABLE_MODULES = YES;
				CLANG_ENABLE_OBJC_ARC = YES;
				CLANG_ENABLE_OBJC_WEAK = YES;
				CLANG_WARN_BLOCK_CAPTURE_AUTORELEASING = YES;
				CLANG_WARN_BOOL_CONVERSION = YES;
				CLANG_WARN_COMMA = YES;
				CLANG_WARN_CONSTANT_CONVERSION = YES;
				CLANG_WARN_DEPRECATED_OBJC_IMPLEMENTATIONS = YES;
				CLANG_WARN_DIRECT_OBJC_ISA_USAGE = YES_ERROR;
				CLANG_WARN_DOCUMENTATION_COMMENTS = YES;
				CLANG_WARN_EMPTY_BODY = YES;
				CLANG_WARN_ENUM_CONVERSION = YES;
				CLANG_WARN_INFINITE_RECURSION = YES;
				CLANG_WARN_INT_CONVERSION = YES;
				CLANG_WARN_NON_LITERAL_NULL_CONVERSION = YES;
				CLANG_WARN_OBJC_IMPLICIT_RETAIN_SELF = YES;
				CLANG_WARN_OBJC_LITERAL_CONVERSION = YES;
				CLANG_WARN_OBJC_ROOT_CLASS = YES_ERROR;
				CLANG_WARN_QUOTED_INCLUDE_IN_FRAMEWORK_HEADER = YES;
				CLANG_WARN_RANGE_LOOP_ANALYSIS = YES;
				CLANG_WARN_STRICT_PROTOTYPES = YES;
				CLANG_WARN_SUSPICIOUS_MOVE = YES;
				CLANG_WARN_UNGUARDED_AVAILABILITY = YES_AGGRESSIVE;
				CLANG_WARN_UNREACHABLE_CODE = YES;
				CLANG_WARN__DUPLICATE_METHOD_MATCH = YES;
				COPY_PHASE_STRIP = NO;
				DEBUG_INFORMATION_FORMAT = dwarf;
				ENABLE_STRICT_OBJC_MSGSEND = YES;
				ENABLE_TESTABILITY = YES;
				ENABLE_USER_SCRIPT_SANDBOXING = YES;
				GCC_C_LANGUAGE_STANDARD = gnu17;
				GCC_DYNAMIC_NO_PIC = NO;
				GCC_NO_COMMON_BLOCKS = YES;
				GCC_OPTIMIZATION_LEVEL = 0;
				GCC_PREPROCESSOR_DEFINITIONS = (
					"DEBUG=1",
					"$(inherited)",
				);
				GCC_WARN_64_TO_32_BIT_CONVERSION = YES;
				GCC_WARN_ABOUT_RETURN_TYPE = YES_ERROR;
				GCC_WARN_UNDECLARED_SELECTOR = YES;
				GCC_WARN_UNINITIALIZED_AUTOS = YES_AGGRESSIVE;
				GCC_WARN_UNUSED_FUNCTION = YES;
				GCC_WARN_UNUSED_VARIABLE = YES;
				IPHONEOS_DEPLOYMENT_TARGET = 17.5;
				LOCALIZATION_PREFERS_STRING_CATALOGS = YES;
				MTL_ENABLE_DEBUG_INFO = INCLUDE_SOURCE;
				MTL_FAST_MATH = YES;
				ONLY_ACTIVE_ARCH = YES;
				SDKROOT = iphoneos;
				SWIFT_ACTIVE_COMPILATION_CONDITIONS = "DEBUG $(inherited)";
				SWIFT_OPTIMIZATION_LEVEL = "-Onone";
			};
			name = Debug;
		};
		39766F902C13A101004A7984 /* Release */ = {
			isa = XCBuildConfiguration;
			buildSettings = {
				ALWAYS_SEARCH_USER_PATHS = NO;
				ASSETCATALOG_COMPILER_GENERATE_SWIFT_ASSET_SYMBOL_EXTENSIONS = YES;
				CLANG_ANALYZER_NONNULL = YES;
				CLANG_ANALYZER_NUMBER_OBJECT_CONVERSION = YES_AGGRESSIVE;
				CLANG_CXX_LANGUAGE_STANDARD = "gnu++20";
				CLANG_ENABLE_MODULES = YES;
				CLANG_ENABLE_OBJC_ARC = YES;
				CLANG_ENABLE_OBJC_WEAK = YES;
				CLANG_WARN_BLOCK_CAPTURE_AUTORELEASING = YES;
				CLANG_WARN_BOOL_CONVERSION = YES;
				CLANG_WARN_COMMA = YES;
				CLANG_WARN_CONSTANT_CONVERSION = YES;
				CLANG_WARN_DEPRECATED_OBJC_IMPLEMENTATIONS = YES;
				CLANG_WARN_DIRECT_OBJC_ISA_USAGE = YES_ERROR;
				CLANG_WARN_DOCUMENTATION_COMMENTS = YES;
				CLANG_WARN_EMPTY_BODY = YES;
				CLANG_WARN_ENUM_CONVERSION = YES;
				CLANG_WARN_INFINITE_RECURSION = YES;
				CLANG_WARN_INT_CONVERSION = YES;
				CLANG_WARN_NON_LITERAL_NULL_CONVERSION = YES;
				CLANG_WARN_OBJC_IMPLICIT_RETAIN_SELF = YES;
				CLANG_WARN_OBJC_LITERAL_CONVERSION = YES;
				CLANG_WARN_OBJC_ROOT_CLASS = YES_ERROR;
				CLANG_WARN_QUOTED_INCLUDE_IN_FRAMEWORK_HEADER = YES;
				CLANG_WARN_RANGE_LOOP_ANALYSIS = YES;
				CLANG_WARN_STRICT_PROTOTYPES = YES;
				CLANG_WARN_SUSPICIOUS_MOVE = YES;
				CLANG_WARN_UNGUARDED_AVAILABILITY = YES_AGGRESSIVE;
				CLANG_WARN_UNREACHABLE_CODE = YES;
				CLANG_WARN__DUPLICATE_METHOD_MATCH = YES;
				COPY_PHASE_STRIP = NO;
				DEBUG_INFORMATION_FORMAT = "dwarf-with-dsym";
				ENABLE_NS_ASSERTIONS = NO;
				ENABLE_STRICT_OBJC_MSGSEND = YES;
				ENABLE_USER_SCRIPT_SANDBOXING = YES;
				GCC_C_LANGUAGE_STANDARD = gnu17;
				GCC_NO_COMMON_BLOCKS = YES;
				GCC_WARN_64_TO_32_BIT_CONVERSION = YES;
				GCC_WARN_ABOUT_RETURN_TYPE = YES_ERROR;
				GCC_WARN_UNDECLARED_SELECTOR = YES;
				GCC_WARN_UNINITIALIZED_AUTOS = YES_AGGRESSIVE;
				GCC_WARN_UNUSED_FUNCTION = YES;
				GCC_WARN_UNUSED_VARIABLE = YES;
				IPHONEOS_DEPLOYMENT_TARGET = 17.5;
				LOCALIZATION_PREFERS_STRING_CATALOGS = YES;
				MTL_ENABLE_DEBUG_INFO = NO;
				MTL_FAST_MATH = YES;
				SDKROOT = iphoneos;
				SWIFT_COMPILATION_MODE = wholemodule;
				VALIDATE_PRODUCT = YES;
			};
			name = Release;
		};
		39766F922C13A101004A7984 /* Debug */ = {
			isa = XCBuildConfiguration;
			buildSettings = {
				ASSETCATALOG_COMPILER_APPICON_NAME = AppIcon;
				ASSETCATALOG_COMPILER_GLOBAL_ACCENT_COLOR_NAME = AccentColor;
				CODE_SIGN_STYLE = Automatic;
				CURRENT_PROJECT_VERSION = 1;
				DEVELOPMENT_ASSET_PATHS = "\"RIckandMorty/Preview Content\"";
				ENABLE_PREVIEWS = YES;
				GENERATE_INFOPLIST_FILE = YES;
				INFOPLIST_KEY_UIApplicationSceneManifest_Generation = YES;
				INFOPLIST_KEY_UIApplicationSupportsIndirectInputEvents = YES;
				INFOPLIST_KEY_UILaunchScreen_Generation = YES;
				INFOPLIST_KEY_UISupportedInterfaceOrientations_iPad = "UIInterfaceOrientationPortrait UIInterfaceOrientationPortraitUpsideDown UIInterfaceOrientationLandscapeLeft UIInterfaceOrientationLandscapeRight";
				INFOPLIST_KEY_UISupportedInterfaceOrientations_iPhone = "UIInterfaceOrientationPortrait UIInterfaceOrientationLandscapeLeft UIInterfaceOrientationLandscapeRight";
				LD_RUNPATH_SEARCH_PATHS = (
					"$(inherited)",
					"@executable_path/Frameworks",
				);
				MARKETING_VERSION = 1.0;
				PRODUCT_BUNDLE_IDENTIFIER = "auburn.edu-mzn0069.RIckandMorty";
				PRODUCT_NAME = "$(TARGET_NAME)";
				SWIFT_EMIT_LOC_STRINGS = YES;
				SWIFT_VERSION = 5.0;
				TARGETED_DEVICE_FAMILY = "1,2";
			};
			name = Debug;
		};
		39766F932C13A101004A7984 /* Release */ = {
			isa = XCBuildConfiguration;
			buildSettings = {
				ASSETCATALOG_COMPILER_APPICON_NAME = AppIcon;
				ASSETCATALOG_COMPILER_GLOBAL_ACCENT_COLOR_NAME = AccentColor;
				CODE_SIGN_STYLE = Automatic;
				CURRENT_PROJECT_VERSION = 1;
				DEVELOPMENT_ASSET_PATHS = "\"RIckandMorty/Preview Content\"";
				ENABLE_PREVIEWS = YES;
				GENERATE_INFOPLIST_FILE = YES;
				INFOPLIST_KEY_UIApplicationSceneManifest_Generation = YES;
				INFOPLIST_KEY_UIApplicationSupportsIndirectInputEvents = YES;
				INFOPLIST_KEY_UILaunchScreen_Generation = YES;
				INFOPLIST_KEY_UISupportedInterfaceOrientations_iPad = "UIInterfaceOrientationPortrait UIInterfaceOrientationPortraitUpsideDown UIInterfaceOrientationLandscapeLeft UIInterfaceOrientationLandscapeRight";
				INFOPLIST_KEY_UISupportedInterfaceOrientations_iPhone = "UIInterfaceOrientationPortrait UIInterfaceOrientationLandscapeLeft UIInterfaceOrientationLandscapeRight";
				LD_RUNPATH_SEARCH_PATHS = (
					"$(inherited)",
					"@executable_path/Frameworks",
				);
				MARKETING_VERSION = 1.0;
				PRODUCT_BUNDLE_IDENTIFIER = "auburn.edu-mzn0069.RIckandMorty";
				PRODUCT_NAME = "$(TARGET_NAME)";
				SWIFT_EMIT_LOC_STRINGS = YES;
				SWIFT_VERSION = 5.0;
				TARGETED_DEVICE_FAMILY = "1,2";
			};
			name = Release;
		};
		39766F952C13A101004A7984 /* Debug */ = {
			isa = XCBuildConfiguration;
			buildSettings = {
				ALWAYS_EMBED_SWIFT_STANDARD_LIBRARIES = YES;
				BUNDLE_LOADER = "$(TEST_HOST)";
				CODE_SIGN_STYLE = Automatic;
				CURRENT_PROJECT_VERSION = 1;
				GENERATE_INFOPLIST_FILE = YES;
				IPHONEOS_DEPLOYMENT_TARGET = 17.5;
				MARKETING_VERSION = 1.0;
				PRODUCT_BUNDLE_IDENTIFIER = "auburn.edu-mzn0069.RIckandMortyTests";
				PRODUCT_NAME = "$(TARGET_NAME)";
				SWIFT_EMIT_LOC_STRINGS = NO;
				SWIFT_VERSION = 5.0;
				TARGETED_DEVICE_FAMILY = "1,2";
				TEST_HOST = "$(BUILT_PRODUCTS_DIR)/RIckandMorty.app/$(BUNDLE_EXECUTABLE_FOLDER_PATH)/RIckandMorty";
			};
			name = Debug;
		};
		39766F962C13A101004A7984 /* Release */ = {
			isa = XCBuildConfiguration;
			buildSettings = {
				ALWAYS_EMBED_SWIFT_STANDARD_LIBRARIES = YES;
				BUNDLE_LOADER = "$(TEST_HOST)";
				CODE_SIGN_STYLE = Automatic;
				CURRENT_PROJECT_VERSION = 1;
				GENERATE_INFOPLIST_FILE = YES;
				IPHONEOS_DEPLOYMENT_TARGET = 17.5;
				MARKETING_VERSION = 1.0;
				PRODUCT_BUNDLE_IDENTIFIER = "auburn.edu-mzn0069.RIckandMortyTests";
				PRODUCT_NAME = "$(TARGET_NAME)";
				SWIFT_EMIT_LOC_STRINGS = NO;
				SWIFT_VERSION = 5.0;
				TARGETED_DEVICE_FAMILY = "1,2";
				TEST_HOST = "$(BUILT_PRODUCTS_DIR)/RIckandMorty.app/$(BUNDLE_EXECUTABLE_FOLDER_PATH)/RIckandMorty";
			};
			name = Release;
		};
		39766F982C13A101004A7984 /* Debug */ = {
			isa = XCBuildConfiguration;
			buildSettings = {
				ALWAYS_EMBED_SWIFT_STANDARD_LIBRARIES = YES;
				CODE_SIGN_STYLE = Automatic;
				CURRENT_PROJECT_VERSION = 1;
				GENERATE_INFOPLIST_FILE = YES;
				MARKETING_VERSION = 1.0;
				PRODUCT_BUNDLE_IDENTIFIER = "auburn.edu-mzn0069.RIckandMortyUITests";
				PRODUCT_NAME = "$(TARGET_NAME)";
				SWIFT_EMIT_LOC_STRINGS = NO;
				SWIFT_VERSION = 5.0;
				TARGETED_DEVICE_FAMILY = "1,2";
				TEST_TARGET_NAME = RIckandMorty;
			};
			name = Debug;
		};
		39766F992C13A101004A7984 /* Release */ = {
			isa = XCBuildConfiguration;
			buildSettings = {
				ALWAYS_EMBED_SWIFT_STANDARD_LIBRARIES = YES;
				CODE_SIGN_STYLE = Automatic;
				CURRENT_PROJECT_VERSION = 1;
				GENERATE_INFOPLIST_FILE = YES;
				MARKETING_VERSION = 1.0;
				PRODUCT_BUNDLE_IDENTIFIER = "auburn.edu-mzn0069.RIckandMortyUITests";
				PRODUCT_NAME = "$(TARGET_NAME)";
				SWIFT_EMIT_LOC_STRINGS = NO;
				SWIFT_VERSION = 5.0;
				TARGETED_DEVICE_FAMILY = "1,2";
				TEST_TARGET_NAME = RIckandMorty;
			};
			name = Release;
		};
/* End XCBuildConfiguration section */

/* Begin XCConfigurationList section */
		39766F682C13A100004A7984 /* Build configuration list for PBXProject "RIckandMorty" */ = {
			isa = XCConfigurationList;
			buildConfigurations = (
				39766F8F2C13A101004A7984 /* Debug */,
				39766F902C13A101004A7984 /* Release */,
			);
			defaultConfigurationIsVisible = 0;
			defaultConfigurationName = Release;
		};
		39766F912C13A101004A7984 /* Build configuration list for PBXNativeTarget "RIckandMorty" */ = {
			isa = XCConfigurationList;
			buildConfigurations = (
				39766F922C13A101004A7984 /* Debug */,
				39766F932C13A101004A7984 /* Release */,
			);
			defaultConfigurationIsVisible = 0;
			defaultConfigurationName = Release;
		};
		39766F942C13A101004A7984 /* Build configuration list for PBXNativeTarget "RIckandMortyTests" */ = {
			isa = XCConfigurationList;
			buildConfigurations = (
				39766F952C13A101004A7984 /* Debug */,
				39766F962C13A101004A7984 /* Release */,
			);
			defaultConfigurationIsVisible = 0;
			defaultConfigurationName = Release;
		};
		39766F972C13A101004A7984 /* Build configuration list for PBXNativeTarget "RIckandMortyUITests" */ = {
			isa = XCConfigurationList;
			buildConfigurations = (
				39766F982C13A101004A7984 /* Debug */,
				39766F992C13A101004A7984 /* Release */,
			);
			defaultConfigurationIsVisible = 0;
			defaultConfigurationName = Release;
		};
/* End XCConfigurationList section */

/* Begin XCRemoteSwiftPackageReference section */
		39766FA02C1E4AC7004A7984 /* XCRemoteSwiftPackageReference "firebase-ios-sdk" */ = {
			isa = XCRemoteSwiftPackageReference;
			repositoryURL = "https://github.com/firebase/firebase-ios-sdk.git";
			requirement = {
				kind = upToNextMajorVersion;
				minimumVersion = 10.27.0;
			};
		};
/* End XCRemoteSwiftPackageReference section */

/* Begin XCSwiftPackageProductDependency section */
		39766FA52C1E4FD2004A7984 /* FirebaseAuth */ = {
			isa = XCSwiftPackageProductDependency;
			package = 39766FA02C1E4AC7004A7984 /* XCRemoteSwiftPackageReference "firebase-ios-sdk" */;
			productName = FirebaseAuth;
		};
/* End XCSwiftPackageProductDependency section */
	};
	rootObject = 39766F652C13A0FF004A7984 /* Project object */;
}
